
Microsoft Visual Studio Solution File, Format Version 12.00
# Visual Studio Version 17
VisualStudioVersion = 17.2.32630.192
MinimumVisualStudioVersion = 10.0.40219.1
Project("{FAE04EC0-301F-11D3-BF4B-00C04F79EFBC}") = "baidu_ocr_demo_cs", "baidu_ocr_demo_cs\baidu_ocr_demo_cs.csproj", "{63A82840-F983-4DB6-85AB-F9F221EAFAF9}"
EndProject
Global
	GlobalSection(SolutionConfigurationPlatforms) = preSolution
		Debug|Any CPU = Debug|Any CPU
		Release|Any CPU = Release|Any CPU
	EndGlobalSection
	GlobalSection(ProjectConfigurationPlatforms) = postSolution
		{63A82840-F983-4DB6-85AB-F9F221EAFAF9}.Debug|Any CPU.ActiveCfg = Debug|Any CPU
		{63A82840-F983-4DB6-85AB-F9F221EAFAF9}.Debug|Any CPU.Build.0 = Debug|Any CPU
		{63A82840-F983-4DB6-85AB-F9F221EAFAF9}.Release|Any CPU.ActiveCfg = Release|Any CPU
		{63A82840-F983-4DB6-85AB-F9F221EAFAF9}.Release|Any CPU.Build.0 = Release|Any CPU
	EndGlobalSection
	GlobalSection(SolutionProperties) = preSolution
		HideSolutionNode = FALSE
	EndGlobalSection
	GlobalSection(ExtensibilityGlobals) = postSolution
		SolutionGuid = {44B68B5A-7367-4F65-8FD9-BA8751814FD5}
	EndGlobalSection
EndGlobal
